
Microsoft Visual Studio Solution File, Format Version 12.00
Project("{FAE04EC0-301F-11D3-BF4B-00C04F79EFBC}") = "YAIA", "YAIA\YAIA.csproj", "{FE71E36F-F4CA-4B9E-96FA-C28E28629F1B}"
EndProject
Project("{FAE04EC0-301F-11D3-BF4B-00C04F79EFBC}") = "Connection", "Connection\Connection.csproj", "{2B287B77-5A3A-4B9A-AF5A-3F7173F44A6F}"
EndProject
Project("{FAE04EC0-301F-11D3-BF4B-00C04F79EFBC}") = "Entities", "Entities\Entities.csproj", "{C15C8A2B-E23D-4758-9AA4-788CEC55AC26}"
EndProject
Project("{FAE04EC0-301F-11D3-BF4B-00C04F79EFBC}") = "Mappers", "Mappers\Mappers.csproj", "{6A506A0D-8D8C-4BF9-98DC-E71F5BE9D500}"
EndProject
Project("{FAE04EC0-301F-11D3-BF4B-00C04F79EFBC}") = "IMappers", "IMappers\IMappers.csproj", "{2E9DE5B7-8EA3-4F56-B31C-957F8B5FCEEC}"
EndProject
Project("{FAE04EC0-301F-11D3-BF4B-00C04F79EFBC}") = "EFCore", "EFCore\EFCore.csproj", "{740A0119-2B3F-4FA5-9B0C-A0F249BA74EE}"
EndProject
Global
	GlobalSection(SolutionConfigurationPlatforms) = preSolution
		Debug|Any CPU = Debug|Any CPU
		Release|Any CPU = Release|Any CPU
	EndGlobalSection
	GlobalSection(ProjectConfigurationPlatforms) = postSolution
		{FE71E36F-F4CA-4B9E-96FA-C28E28629F1B}.Debug|Any CPU.ActiveCfg = Debug|Any CPU
		{FE71E36F-F4CA-4B9E-96FA-C28E28629F1B}.Debug|Any CPU.Build.0 = Debug|Any CPU
		{FE71E36F-F4CA-4B9E-96FA-C28E28629F1B}.Release|Any CPU.ActiveCfg = Release|Any CPU
		{FE71E36F-F4CA-4B9E-96FA-C28E28629F1B}.Release|Any CPU.Build.0 = Release|Any CPU
		{2B287B77-5A3A-4B9A-AF5A-3F7173F44A6F}.Debug|Any CPU.ActiveCfg = Debug|Any CPU
		{2B287B77-5A3A-4B9A-AF5A-3F7173F44A6F}.Debug|Any CPU.Build.0 = Debug|Any CPU
		{2B287B77-5A3A-4B9A-AF5A-3F7173F44A6F}.Release|Any CPU.ActiveCfg = Release|Any CPU
		{2B287B77-5A3A-4B9A-AF5A-3F7173F44A6F}.Release|Any CPU.Build.0 = Release|Any CPU
		{C15C8A2B-E23D-4758-9AA4-788CEC55AC26}.Debug|Any CPU.ActiveCfg = Debug|Any CPU
		{C15C8A2B-E23D-4758-9AA4-788CEC55AC26}.Debug|Any CPU.Build.0 = Debug|Any CPU
		{C15C8A2B-E23D-4758-9AA4-788CEC55AC26}.Release|Any CPU.ActiveCfg = Release|Any CPU
		{C15C8A2B-E23D-4758-9AA4-788CEC55AC26}.Release|Any CPU.Build.0 = Release|Any CPU
		{6A506A0D-8D8C-4BF9-98DC-E71F5BE9D500}.Debug|Any CPU.ActiveCfg = Debug|Any CPU
		{6A506A0D-8D8C-4BF9-98DC-E71F5BE9D500}.Debug|Any CPU.Build.0 = Debug|Any CPU
		{6A506A0D-8D8C-4BF9-98DC-E71F5BE9D500}.Release|Any CPU.ActiveCfg = Release|Any CPU
		{6A506A0D-8D8C-4BF9-98DC-E71F5BE9D500}.Release|Any CPU.Build.0 = Release|Any CPU
		{2E9DE5B7-8EA3-4F56-B31C-957F8B5FCEEC}.Debug|Any CPU.ActiveCfg = Debug|Any CPU
		{2E9DE5B7-8EA3-4F56-B31C-957F8B5FCEEC}.Debug|Any CPU.Build.0 = Debug|Any CPU
		{2E9DE5B7-8EA3-4F56-B31C-957F8B5FCEEC}.Release|Any CPU.ActiveCfg = Release|Any CPU
		{2E9DE5B7-8EA3-4F56-B31C-957F8B5FCEEC}.Release|Any CPU.Build.0 = Release|Any CPU
		{740A0119-2B3F-4FA5-9B0C-A0F249BA74EE}.Debug|Any CPU.ActiveCfg = Debug|Any CPU
		{740A0119-2B3F-4FA5-9B0C-A0F249BA74EE}.Debug|Any CPU.Build.0 = Debug|Any CPU
		{740A0119-2B3F-4FA5-9B0C-A0F249BA74EE}.Release|Any CPU.ActiveCfg = Release|Any CPU
		{740A0119-2B3F-4FA5-9B0C-A0F249BA74EE}.Release|Any CPU.Build.0 = Release|Any CPU
	EndGlobalSection
EndGlobal
